
Microsoft Visual Studio Solution File, Format Version 12.00
# Visual Studio 2012
Project("{FAE04EC0-301F-11D3-BF4B-00C04F79EFBC}") = "Schematica", "Schematica\Schematica.csproj", "{714459A1-CAE3-4405-938D-B0E10B55FEEE}"
EndProject
Global
	GlobalSection(SolutionConfigurationPlatforms) = preSolution
		Debug|Any CPU = Debug|Any CPU
		Release|Any CPU = Release|Any CPU
	EndGlobalSection
	GlobalSection(ProjectConfigurationPlatforms) = postSolution
		{714459A1-CAE3-4405-938D-B0E10B55FEEE}.Debug|Any CPU.ActiveCfg = Debug|Any CPU
		{714459A1-CAE3-4405-938D-B0E10B55FEEE}.Debug|Any CPU.Build.0 = Debug|Any CPU
		{714459A1-CAE3-4405-938D-B0E10B55FEEE}.Release|Any CPU.ActiveCfg = Release|Any CPU
		{714459A1-CAE3-4405-938D-B0E10B55FEEE}.Release|Any CPU.Build.0 = Release|Any CPU
	EndGlobalSection
	GlobalSection(SolutionProperties) = preSolution
		HideSolutionNode = FALSE
	EndGlobalSection
EndGlobal
